
Microsoft Visual Studio Solution File, Format Version 12.00
# Visual Studio Version 16
VisualStudioVersion = 16.0.31129.286
MinimumVisualStudioVersion = 10.0.40219.1
Project("{FAE04EC0-301F-11D3-BF4B-00C04F79EFBC}") = "ElectronicNotebook", "ElectronicNotebook\ElectronicNotebook.csproj", "{9450B4A3-2EA4-4606-B713-173D95A4AE0A}"
EndProject
Project("{FAE04EC0-301F-11D3-BF4B-00C04F79EFBC}") = "ElectronicNotebookTesting", "ElectronicNotebookTesting\ElectronicNotebookTesting.csproj", "{1CF653FB-8538-49E2-B991-25CC9C126F98}"
EndProject
Project("{FAE04EC0-301F-11D3-BF4B-00C04F79EFBC}") = "ElectronicNotebookUITest", "ElectronicNotebookUITest\ElectronicNotebookUITest.csproj", "{CCA52A0E-0911-482C-AA83-C378B38AFF54}"
EndProject
Global
	GlobalSection(SolutionConfigurationPlatforms) = preSolution
		Debug|Any CPU = Debug|Any CPU
		Release|Any CPU = Release|Any CPU
	EndGlobalSection
	GlobalSection(ProjectConfigurationPlatforms) = postSolution
		{9450B4A3-2EA4-4606-B713-173D95A4AE0A}.Debug|Any CPU.ActiveCfg = Debug|Any CPU
		{9450B4A3-2EA4-4606-B713-173D95A4AE0A}.Debug|Any CPU.Build.0 = Debug|Any CPU
		{9450B4A3-2EA4-4606-B713-173D95A4AE0A}.Release|Any CPU.ActiveCfg = Release|Any CPU
		{9450B4A3-2EA4-4606-B713-173D95A4AE0A}.Release|Any CPU.Build.0 = Release|Any CPU
		{1CF653FB-8538-49E2-B991-25CC9C126F98}.Debug|Any CPU.ActiveCfg = Debug|Any CPU
		{1CF653FB-8538-49E2-B991-25CC9C126F98}.Debug|Any CPU.Build.0 = Debug|Any CPU
		{1CF653FB-8538-49E2-B991-25CC9C126F98}.Release|Any CPU.ActiveCfg = Release|Any CPU
		{1CF653FB-8538-49E2-B991-25CC9C126F98}.Release|Any CPU.Build.0 = Release|Any CPU
		{CCA52A0E-0911-482C-AA83-C378B38AFF54}.Debug|Any CPU.ActiveCfg = Debug|Any CPU
		{CCA52A0E-0911-482C-AA83-C378B38AFF54}.Debug|Any CPU.Build.0 = Debug|Any CPU
		{CCA52A0E-0911-482C-AA83-C378B38AFF54}.Release|Any CPU.ActiveCfg = Release|Any CPU
		{CCA52A0E-0911-482C-AA83-C378B38AFF54}.Release|Any CPU.Build.0 = Release|Any CPU
	EndGlobalSection
	GlobalSection(SolutionProperties) = preSolution
		HideSolutionNode = FALSE
	EndGlobalSection
	GlobalSection(ExtensibilityGlobals) = postSolution
		SolutionGuid = {13BA33A4-239B-4234-85AB-B5E1D4513810}
	EndGlobalSection
EndGlobal
